// !$*UTF8*$!
{
	archiveVersion = 1;
	classes = {
	};
	objectVersion = 46;
	objects = {

/* Begin PBXBuildFile section */
		92147B771E65547300ADEE31 /* DragImg.swift in Sources */ = {isa = PBXBuildFile; fileRef = 92147B761E65547300ADEE31 /* DragImg.swift */; };
		92147B791E6557D700ADEE31 /* MonsterImg.swift in Sources */ = {isa = PBXBuildFile; fileRef = 92147B781E6557D700ADEE31 /* MonsterImg.swift */; };
		92147B7F1E65768200ADEE31 /* bite.wav in Resources */ = {isa = PBXBuildFile; fileRef = 92147B7A1E65768200ADEE31 /* bite.wav */; };
		92147B801E65768200ADEE31 /* cave-music.mp3 in Resources */ = {isa = PBXBuildFile; fileRef = 92147B7B1E65768200ADEE31 /* cave-music.mp3 */; };
		92147B811E65768200ADEE31 /* death.wav in Resources */ = {isa = PBXBuildFile; fileRef = 92147B7C1E65768200ADEE31 /* death.wav */; };
		92147B821E65768200ADEE31 /* heart.wav in Resources */ = {isa = PBXBuildFile; fileRef = 92147B7D1E65768200ADEE31 /* heart.wav */; };
		92147B831E65768200ADEE31 /* skull.wav in Resources */ = {isa = PBXBuildFile; fileRef = 92147B7E1E65768200ADEE31 /* skull.wav */; };
		9277C3A61E650E0A00B20D6D /* AppDelegate.swift in Sources */ = {isa = PBXBuildFile; fileRef = 9277C3A51E650E0A00B20D6D /* AppDelegate.swift */; };
		9277C3A81E650E0A00B20D6D /* ViewController.swift in Sources */ = {isa = PBXBuildFile; fileRef = 9277C3A71E650E0A00B20D6D /* ViewController.swift */; };
		9277C3AB1E650E0A00B20D6D /* Main.storyboard in Resources */ = {isa = PBXBuildFile; fileRef = 9277C3A91E650E0A00B20D6D /* Main.storyboard */; };
		9277C3AD1E650E0A00B20D6D /* Assets.xcassets in Resources */ = {isa = PBXBuildFile; fileRef = 9277C3AC1E650E0A00B20D6D /* Assets.xcassets */; };
		9277C3B01E650E0B00B20D6D /* LaunchScreen.storyboard in Resources */ = {isa = PBXBuildFile; fileRef = 9277C3AE1E650E0B00B20D6D /* LaunchScreen.storyboard */; };
/* End PBXBuildFile section */

/* Begin PBXFileReference section */
		92147B761E65547300ADEE31 /* DragImg.swift */ = {isa = PBXFileReference; fileEncoding = 4; lastKnownFileType = sourcecode.swift; path = DragImg.swift; sourceTree = "<group>"; };
		92147B781E6557D700ADEE31 /* MonsterImg.swift */ = {isa = PBXFileReference; fileEncoding = 4; lastKnownFileType = sourcecode.swift; path = MonsterImg.swift; sourceTree = "<group>"; };
		92147B7A1E65768200ADEE31 /* bite.wav */ = {isa = PBXFileReference; lastKnownFileType = audio.wav; path = bite.wav; sourceTree = "<group>"; };
		92147B7B1E65768200ADEE31 /* cave-music.mp3 */ = {isa = PBXFileReference; lastKnownFileType = audio.mp3; path = "cave-music.mp3"; sourceTree = "<group>"; };
		92147B7C1E65768200ADEE31 /* death.wav */ = {isa = PBXFileReference; lastKnownFileType = audio.wav; path = death.wav; sourceTree = "<group>"; };
		92147B7D1E65768200ADEE31 /* heart.wav */ = {isa = PBXFileReference; lastKnownFileType = audio.wav; path = heart.wav; sourceTree = "<group>"; };
		92147B7E1E65768200ADEE31 /* skull.wav */ = {isa = PBXFileReference; lastKnownFileType = audio.wav; path = skull.wav; sourceTree = "<group>"; };
		9277C3A21E650E0A00B20D6D /* MyMonster.app */ = {isa = PBXFileReference; explicitFileType = wrapper.application; includeInIndex = 0; path = MyMonster.app; sourceTree = BUILT_PRODUCTS_DIR; };
		9277C3A51E650E0A00B20D6D /* AppDelegate.swift */ = {isa = PBXFileReference; lastKnownFileType = sourcecode.swift; path = AppDelegate.swift; sourceTree = "<group>"; };
		9277C3A71E650E0A00B20D6D /* ViewController.swift */ = {isa = PBXFileReference; lastKnownFileType = sourcecode.swift; path = ViewController.swift; sourceTree = "<group>"; };
		9277C3AA1E650E0A00B20D6D /* Base */ = {isa = PBXFileReference; lastKnownFileType = file.storyboard; name = Base; path = Base.lproj/Main.storyboard; sourceTree = "<group>"; };
		9277C3AC1E650E0A00B20D6D /* Assets.xcassets */ = {isa = PBXFileReference; lastKnownFileType = folder.assetcatalog; path = Assets.xcassets; sourceTree = "<group>"; };
		9277C3AF1E650E0B00B20D6D /* Base */ = {isa = PBXFileReference; lastKnownFileType = file.storyboard; name = Base; path = Base.lproj/LaunchScreen.storyboard; sourceTree = "<group>"; };
		9277C3B11E650E0B00B20D6D /* Info.plist */ = {isa = PBXFileReference; lastKnownFileType = text.plist.xml; path = Info.plist; sourceTree = "<group>"; };
/* End PBXFileReference section */

/* Begin PBXFrameworksBuildPhase section */
		9277C39F1E650E0A00B20D6D /* Frameworks */ = {
			isa = PBXFrameworksBuildPhase;
			buildActionMask = 2147483647;
			files = (
			);
			runOnlyForDeploymentPostprocessing = 0;
		};
/* End PBXFrameworksBuildPhase section */

/* Begin PBXGroup section */
		9277C3991E650E0A00B20D6D = {
			isa = PBXGroup;
			children = (
				9277C3A41E650E0A00B20D6D /* MyMonster */,
				9277C3A31E650E0A00B20D6D /* Products */,
			);
			sourceTree = "<group>";
		};
		9277C3A31E650E0A00B20D6D /* Products */ = {
			isa = PBXGroup;
			children = (
				9277C3A21E650E0A00B20D6D /* MyMonster.app */,
			);
			name = Products;
			sourceTree = "<group>";
		};
		9277C3A41E650E0A00B20D6D /* MyMonster */ = {
			isa = PBXGroup;
			children = (
				92147B7A1E65768200ADEE31 /* bite.wav */,
				92147B7B1E65768200ADEE31 /* cave-music.mp3 */,
				92147B7C1E65768200ADEE31 /* death.wav */,
				92147B7D1E65768200ADEE31 /* heart.wav */,
				92147B7E1E65768200ADEE31 /* skull.wav */,
				9277C3A51E650E0A00B20D6D /* AppDelegate.swift */,
				9277C3A71E650E0A00B20D6D /* ViewController.swift */,
				9277C3A91E650E0A00B20D6D /* Main.storyboard */,
				9277C3AC1E650E0A00B20D6D /* Assets.xcassets */,
				9277C3AE1E650E0B00B20D6D /* LaunchScreen.storyboard */,
				9277C3B11E650E0B00B20D6D /* Info.plist */,
				92147B761E65547300ADEE31 /* DragImg.swift */,
				92147B781E6557D700ADEE31 /* MonsterImg.swift */,
			);
			path = MyMonster;
			sourceTree = "<group>";
		};
/* End PBXGroup section */

/* Begin PBXNativeTarget section */
		9277C3A11E650E0A00B20D6D /* MyMonster */ = {
			isa = PBXNativeTarget;
			buildConfigurationList = 9277C3B41E650E0B00B20D6D /* Build configuration list for PBXNativeTarget "MyMonster" */;
			buildPhases = (
				9277C39E1E650E0A00B20D6D /* Sources */,
				9277C39F1E650E0A00B20D6D /* Frameworks */,
				9277C3A01E650E0A00B20D6D /* Resources */,
			);
			buildRules = (
			);
			dependencies = (
			);
			name = MyMonster;
			productName = MyMonster;
			productReference = 9277C3A21E650E0A00B20D6D /* MyMonster.app */;
			productType = "com.apple.product-type.application";
		};
/* End PBXNativeTarget section */

/* Begin PBXProject section */
		9277C39A1E650E0A00B20D6D /* Project object */ = {
			isa = PBXProject;
			attributes = {
				LastSwiftUpdateCheck = 0820;
				LastUpgradeCheck = 0820;
				ORGANIZATIONNAME = "MyLab Inc.";
				TargetAttributes = {
					9277C3A11E650E0A00B20D6D = {
						CreatedOnToolsVersion = 8.2.1;
						ProvisioningStyle = Automatic;
					};
				};
			};
			buildConfigurationList = 9277C39D1E650E0A00B20D6D /* Build configuration list for PBXProject "MyMonster" */;
			compatibilityVersion = "Xcode 3.2";
			developmentRegion = English;
			hasScannedForEncodings = 0;
			knownRegions = (
				en,
				Base,
			);
			mainGroup = 9277C3991E650E0A00B20D6D;
			productRefGroup = 9277C3A31E650E0A00B20D6D /* Products */;
			projectDirPath = "";
			projectRoot = "";
			targets = (
				9277C3A11E650E0A00B20D6D /* MyMonster */,
			);
		};
/* End PBXProject section */

/* Begin PBXResourcesBuildPhase section */
		9277C3A01E650E0A00B20D6D /* Resources */ = {
			isa = PBXResourcesBuildPhase;
			buildActionMask = 2147483647;
			files = (
				92147B831E65768200ADEE31 /* skull.wav in Resources */,
				92147B7F1E65768200ADEE31 /* bite.wav in Resources */,
				92147B811E65768200ADEE31 /* death.wav in Resources */,
				92147B821E65768200ADEE31 /* heart.wav in Resources */,
				92147B801E65768200ADEE31 /* cave-music.mp3 in Resources */,
				9277C3B01E650E0B00B20D6D /* LaunchScreen.storyboard in Resources */,
				9277C3AD1E650E0A00B20D6D /* Assets.xcassets in Resources */,
				9277C3AB1E650E0A00B20D6D /* Main.storyboard in Resources */,
			);
			runOnlyForDeploymentPostprocessing = 0;
		};
/* End PBXResourcesBuildPhase section */

/* Begin PBXSourcesBuildPhase section */
		9277C39E1E650E0A00B20D6D /* Sources */ = {
			isa = PBXSourcesBuildPhase;
			buildActionMask = 2147483647;
			files = (
				92147B791E6557D700ADEE31 /* MonsterImg.swift in Sources */,
				92147B771E65547300ADEE31 /* DragImg.swift in Sources */,
				9277C3A81E650E0A00B20D6D /* ViewController.swift in Sources */,
				9277C3A61E650E0A00B20D6D /* AppDelegate.swift in Sources */,
			);
			runOnlyForDeploymentPostprocessing = 0;
		};
/* End PBXSourcesBuildPhase section */

/* Begin PBXVariantGroup section */
		9277C3A91E650E0A00B20D6D /* Main.storyboard */ = {
			isa = PBXVariantGroup;
			children = (
				9277C3AA1E650E0A00B20D6D /* Base */,
			);
			name = Main.storyboard;
			sourceTree = "<group>";
		};
		9277C3AE1E650E0B00B20D6D /* LaunchScreen.storyboard */ = {
			isa = PBXVariantGroup;
			children = (
				9277C3AF1E650E0B00B20D6D /* Base */,
			);
			name = LaunchScreen.storyboard;
			sourceTree = "<group>";
		};
/* End PBXVariantGroup section */

/* Begin XCBuildConfiguration section */
		9277C3B21E650E0B00B20D6D /* Debug */ = {
			isa = XCBuildConfiguration;
			buildSettings = {
				ALWAYS_SEARCH_USER_PATHS = NO;
				CLANG_ANALYZER_NONNULL = YES;
				CLANG_CXX_LANGUAGE_STANDARD = "gnu++0x";
				CLANG_CXX_LIBRARY = "libc++";
				CLANG_ENABLE_MODULES = YES;
				CLANG_ENABLE_OBJC_ARC = YES;
				CLANG_WARN_BOOL_CONVERSION = YES;
				CLANG_WARN_CONSTANT_CONVERSION = YES;
				CLANG_WARN_DIRECT_OBJC_ISA_USAGE = YES_ERROR;
				CLANG_WARN_DOCUMENTATION_COMMENTS = YES;
				CLANG_WARN_EMPTY_BODY = YES;
				CLANG_WARN_ENUM_CONVERSION = YES;
				CLANG_WARN_INFINITE_RECURSION = YES;
				CLANG_WARN_INT_CONVERSION = YES;
				CLANG_WARN_OBJC_ROOT_CLASS = YES_ERROR;
				CLANG_WARN_SUSPICIOUS_MOVE = YES;
				CLANG_WARN_UNREACHABLE_CODE = YES;
				CLANG_WARN__DUPLICATE_METHOD_MATCH = YES;
				"CODE_SIGN_IDENTITY[sdk=iphoneos*]" = "iPhone Developer";
				COPY_PHASE_STRIP = NO;
				DEBUG_INFORMATION_FORMAT = dwarf;
				ENABLE_STRICT_OBJC_MSGSEND = YES;
				ENABLE_TESTABILITY = YES;
				GCC_C_LANGUAGE_STANDARD = gnu99;
				GCC_DYNAMIC_NO_PIC = NO;
				GCC_NO_COMMON_BLOCKS = YES;
				GCC_OPTIMIZATION_LEVEL = 0;
				GCC_PREPROCESSOR_DEFINITIONS = (
					"DEBUG=1",
					"$(inherited)",
				);
				GCC_WARN_64_TO_32_BIT_CONVERSION = YES;
				GCC_WARN_ABOUT_RETURN_TYPE = YES_ERROR;
				GCC_WARN_UNDECLARED_SELECTOR = YES;
				GCC_WARN_UNINITIALIZED_AUTOS = YES_AGGRESSIVE;
				GCC_WARN_UNUSED_FUNCTION = YES;
				GCC_WARN_UNUSED_VARIABLE = YES;
				IPHONEOS_DEPLOYMENT_TARGET = 10.2;
				MTL_ENABLE_DEBUG_INFO = YES;
				ONLY_ACTIVE_ARCH = YES;
				SDKROOT = iphoneos;
				SWIFT_ACTIVE_COMPILATION_CONDITIONS = DEBUG;
				SWIFT_OPTIMIZATION_LEVEL = "-Onone";
				TARGETED_DEVICE_FAMILY = "1,2";
			};
			name = Debug;
		};
		9277C3B31E650E0B00B20D6D /* Release */ = {
			isa = XCBuildConfiguration;
			buildSettings = {
				ALWAYS_SEARCH_USER_PATHS = NO;
				CLANG_ANALYZER_NONNULL = YES;
				CLANG_CXX_LANGUAGE_STANDARD = "gnu++0x";
				CLANG_CXX_LIBRARY = "libc++";
				CLANG_ENABLE_MODULES = YES;
				CLANG_ENABLE_OBJC_ARC = YES;
				CLANG_WARN_BOOL_CONVERSION = YES;
				CLANG_WARN_CONSTANT_CONVERSION = YES;
				CLANG_WARN_DIRECT_OBJC_ISA_USAGE = YES_ERROR;
				CLANG_WARN_DOCUMENTATION_COMMENTS = YES;
				CLANG_WARN_EMPTY_BODY = YES;
				CLANG_WARN_ENUM_CONVERSION = YES;
				CLANG_WARN_INFINITE_RECURSION = YES;
				CLANG_WARN_INT_CONVERSION = YES;
				CLANG_WARN_OBJC_ROOT_CLASS = YES_ERROR;
				CLANG_WARN_SUSPICIOUS_MOVE = YES;
				CLANG_WARN_UNREACHABLE_CODE = YES;
				CLANG_WARN__DUPLICATE_METHOD_MATCH = YES;
				"CODE_SIGN_IDENTITY[sdk=iphoneos*]" = "iPhone Developer";
				COPY_PHASE_STRIP = NO;
				DEBUG_INFORMATION_FORMAT = "dwarf-with-dsym";
				ENABLE_NS_ASSERTIONS = NO;
				ENABLE_STRICT_OBJC_MSGSEND = YES;
				GCC_C_LANGUAGE_STANDARD = gnu99;
				GCC_NO_COMMON_BLOCKS = YES;
				GCC_WARN_64_TO_32_BIT_CONVERSION = YES;
				GCC_WARN_ABOUT_RETURN_TYPE = YES_ERROR;
				GCC_WARN_UNDECLARED_SELECTOR = YES;
				GCC_WARN_UNINITIALIZED_AUTOS = YES_AGGRESSIVE;
				GCC_WARN_UNUSED_FUNCTION = YES;
				GCC_WARN_UNUSED_VARIABLE = YES;
				IPHONEOS_DEPLOYMENT_TARGET = 10.2;
				MTL_ENABLE_DEBUG_INFO = NO;
				SDKROOT = iphoneos;
				SWIFT_OPTIMIZATION_LEVEL = "-Owholemodule";
				TARGETED_DEVICE_FAMILY = "1,2";
				VALIDATE_PRODUCT = YES;
			};
			name = Release;
		};
		9277C3B51E650E0B00B20D6D /* Debug */ = {
			isa = XCBuildConfiguration;
			buildSettings = {
				ASSETCATALOG_COMPILER_APPICON_NAME = AppIcon;
				INFOPLIST_FILE = MyMonster/Info.plist;
				LD_RUNPATH_SEARCH_PATHS = "$(inherited) @executable_path/Frameworks";
				PRODUCT_BUNDLE_IDENTIFIER = mylab.MyMonster;
				PRODUCT_NAME = "$(TARGET_NAME)";
				SWIFT_VERSION = 3.0;
			};
			name = Debug;
		};
		9277C3B61E650E0B00B20D6D /* Release */ = {
			isa = XCBuildConfiguration;
			buildSettings = {
				ASSETCATALOG_COMPILER_APPICON_NAME = AppIcon;
				INFOPLIST_FILE = MyMonster/Info.plist;
				LD_RUNPATH_SEARCH_PATHS = "$(inherited) @executable_path/Frameworks";
				PRODUCT_BUNDLE_IDENTIFIER = mylab.MyMonster;
				PRODUCT_NAME = "$(TARGET_NAME)";
				SWIFT_VERSION = 3.0;
			};
			name = Release;
		};
/* End XCBuildConfiguration section */

/* Begin XCConfigurationList section */
		9277C39D1E650E0A00B20D6D /* Build configuration list for PBXProject "MyMonster" */ = {
			isa = XCConfigurationList;
			buildConfigurations = (
				9277C3B21E650E0B00B20D6D /* Debug */,
				9277C3B31E650E0B00B20D6D /* Release */,
			);
			defaultConfigurationIsVisible = 0;
			defaultConfigurationName = Release;
		};
		9277C3B41E650E0B00B20D6D /* Build configuration list for PBXNativeTarget "MyMonster" */ = {
			isa = XCConfigurationList;
			buildConfigurations = (
				9277C3B51E650E0B00B20D6D /* Debug */,
				9277C3B61E650E0B00B20D6D /* Release */,
			);
			defaultConfigurationIsVisible = 0;
			defaultConfigurationName = Release;
		};
/* End XCConfigurationList section */
	};
	rootObject = 9277C39A1E650E0A00B20D6D /* Project object */;
}
